PODS:
  - AppTexts (0.0.2)

DEPENDENCIES:
  - AppTexts (from `https://github.com/salah-mohammed/AppTexts.git`)

EXTERNAL SOURCES:
  AppTexts:
    :git: https://github.com/salah-mohammed/AppTexts.git

CHECKOUT OPTIONS:
  AppTexts:
    :commit: 18a1b602ebd2e0c50c3ae7d49b93ddddcb889a99
    :git: https://github.com/salah-mohammed/AppTexts.git

SPEC CHECKSUMS:
  AppTexts: ae36eecd6b9a41458ceb60229c49ea11a6ad0cc5

PODFILE CHECKSUM: f183d62ceaf5a74f8b2ac6330ba41289e116dc3b

COCOAPODS: 1.12.1
