// !$*UTF8*$!
{
	archiveVersion = 1;
	classes = {
	};
	objectVersion = 50;
	objects = {

/* Begin PBXBuildFile section */
		4E04A0CC2754B08C002FCDD0 /* JSONAble.swift in Sources */ = {isa = PBXBuildFile; fileRef = 4E04A0CB2754B08C002FCDD0 /* JSONAble.swift */; };
		4E04A0F82754E13C002FCDD0 /* FirstViewController.swift in Sources */ = {isa = PBXBuildFile; fileRef = 4E04A0F42754E13C002FCDD0 /* FirstViewController.swift */; };
		4E04A0F92754E13C002FCDD0 /* ThiredViewController.swift in Sources */ = {isa = PBXBuildFile; fileRef = 4E04A0F52754E13C002FCDD0 /* ThiredViewController.swift */; };
		4E04A0FA2754E13C002FCDD0 /* SecondViewController.swift in Sources */ = {isa = PBXBuildFile; fileRef = 4E04A0F62754E13C002FCDD0 /* SecondViewController.swift */; };
		4E04A0FB2754E13C002FCDD0 /* ForthViewController.swift in Sources */ = {isa = PBXBuildFile; fileRef = 4E04A0F72754E13C002FCDD0 /* ForthViewController.swift */; };
		4E04A1012754E264002FCDD0 /* NavigationMain.storyboard in Resources */ = {isa = PBXBuildFile; fileRef = 4E04A1002754E264002FCDD0 /* NavigationMain.storyboard */; };
		4E1A3D28274ADED500963CC3 /* VerticallyCenteredTextView.swift in Sources */ = {isa = PBXBuildFile; fileRef = 4E1A3D27274ADED500963CC3 /* VerticallyCenteredTextView.swift */; };
		4E1EA39925F6B03D005D703E /* Debuger.swift in Sources */ = {isa = PBXBuildFile; fileRef = 4E1EA39825F6B03D005D703E /* Debuger.swift */; };
		4E20826925C167C400F92E23 /* TestCollectionViewViewController.swift in Sources */ = {isa = PBXBuildFile; fileRef = 4E20826825C167C400F92E23 /* TestCollectionViewViewController.swift */; };
		4E20826E25C167E000F92E23 /* TestCollectionViewCell.swift in Sources */ = {isa = PBXBuildFile; fileRef = 4E20826D25C167E000F92E23 /* TestCollectionViewCell.swift */; };
		4E27B5F62608F96100497E98 /* UIImagePickerControllerEx.swift in Sources */ = {isa = PBXBuildFile; fileRef = 4E27B5F52608F96100497E98 /* UIImagePickerControllerEx.swift */; };
		4E30D27325732FB4005B63EA /* DateViewController.swift in Sources */ = {isa = PBXBuildFile; fileRef = 4E30D27225732FB4005B63EA /* DateViewController.swift */; };
		4E331C432460C17700E5562C /* CounterModel.swift in Sources */ = {isa = PBXBuildFile; fileRef = 4E331C422460C17700E5562C /* CounterModel.swift */; };
		4E331C452460C25800E5562C /* BaseInheritance.swift in Sources */ = {isa = PBXBuildFile; fileRef = 4E331C442460C25800E5562C /* BaseInheritance.swift */; };
		4E34D74F2448F7F000FCCC1A /* SalahUtility.h in Headers */ = {isa = PBXBuildFile; fileRef = 4E34D74D2448F7F000FCCC1A /* SalahUtility.h */; settings = {ATTRIBUTES = (Public, ); }; };
		4E34D7562448F81700FCCC1A /* BaseExtension.swift in Sources */ = {isa = PBXBuildFile; fileRef = 4E34D7552448F81700FCCC1A /* BaseExtension.swift */; };
		4E37DFE727B5230800BA814E /* URLExampleViewController.swift in Sources */ = {isa = PBXBuildFile; fileRef = 4E37DFE527B522FE00BA814E /* URLExampleViewController.swift */; };
		4E42C94924BF0CAC0095ED53 /* UIDocumentPickerViewControllerEx.swift in Sources */ = {isa = PBXBuildFile; fileRef = 4E42C94724BF0CAB0095ED53 /* UIDocumentPickerViewControllerEx.swift */; };
		4E459A332757AA1300EE0D85 /* Base64ImageViewController.swift in Sources */ = {isa = PBXBuildFile; fileRef = 4E459A322757AA1300EE0D85 /* Base64ImageViewController.swift */; };
		4E459A362757B71E00EE0D85 /* TestImage.png in Resources */ = {isa = PBXBuildFile; fileRef = 4E459A342757AFAC00EE0D85 /* TestImage.png */; };
		4E4D4D1325BDD75C00E676FB /* Property List.plist in Resources */ = {isa = PBXBuildFile; fileRef = 4E4D4D1225BDD75C00E676FB /* Property List.plist */; };
		4E5B4C4525FF818500A58C70 /* GenericExampleViewController.swift in Sources */ = {isa = PBXBuildFile; fileRef = 4E5B4C4425FF818500A58C70 /* GenericExampleViewController.swift */; };
		4E6D71A826FC5CD800C9981D /* RetainCyclesExample.swift in Sources */ = {isa = PBXBuildFile; fileRef = 4E6D71A726FC5CD800C9981D /* RetainCyclesExample.swift */; };
		4E71C64D25CBD7E100D95243 /* NavigationHeightExampleViewController.swift in Sources */ = {isa = PBXBuildFile; fileRef = 4E71C64C25CBD7E100D95243 /* NavigationHeightExampleViewController.swift */; };
		4E73424D24F25F3500969E79 /* LocalAuth.swift in Sources */ = {isa = PBXBuildFile; fileRef = 4E73424C24F25F3400969E79 /* LocalAuth.swift */; };
		4E73E6D725AE38F60027C69B /* LocaleViewController.swift in Sources */ = {isa = PBXBuildFile; fileRef = 4E73E6D625AE38F60027C69B /* LocaleViewController.swift */; };
		4E76184A27CE97FC00B66DE3 /* DrawShapesViewController.swift in Sources */ = {isa = PBXBuildFile; fileRef = 4E76184927CE97FC00B66DE3 /* DrawShapesViewController.swift */; };
		4E77AB9D25F8E9B2006DF25F /* UIDatePickerExampleViewController.swift in Sources */ = {isa = PBXBuildFile; fileRef = 4E77AB9C25F8E9B2006DF25F /* UIDatePickerExampleViewController.swift */; };
		4E79BD1C2484EA80006FD36D /* InformationScreenManager.swift in Sources */ = {isa = PBXBuildFile; fileRef = 4E79BD1B2484EA80006FD36D /* InformationScreenManager.swift */; };
		4E79BD1E2484EB74006FD36D /* NotificationBuilder.swift in Sources */ = {isa = PBXBuildFile; fileRef = 4E79BD1D2484EB73006FD36D /* NotificationBuilder.swift */; };
		4E7CB513279564C6001DDD57 /* WebViewViewController.swift in Sources */ = {isa = PBXBuildFile; fileRef = 4E7CB512279564C6001DDD57 /* WebViewViewController.swift */; };
		4E7CB516279566A6001DDD57 /* webView.css in Resources */ = {isa = PBXBuildFile; fileRef = 4E7CB515279566A6001DDD57 /* webView.css */; };
		4E7CB51827956AC0001DDD57 /* Cairo-Regular.ttf in Resources */ = {isa = PBXBuildFile; fileRef = 4E7CB517279567C2001DDD57 /* Cairo-Regular.ttf */; };
		4E7CFBF82604EDFE000DB1A9 /* NumbersViewController.swift in Sources */ = {isa = PBXBuildFile; fileRef = 4E7CFBF72604EDFE000DB1A9 /* NumbersViewController.swift */; };
		4E80CF8B25C7E31A0077F0DC /* DaynamicScrollViewViewController.swift in Sources */ = {isa = PBXBuildFile; fileRef = 4E80CF8A25C7E31A0077F0DC /* DaynamicScrollViewViewController.swift */; };
		4E86DADC27560D9100C471B5 /* ObserverExampleViewController.swift in Sources */ = {isa = PBXBuildFile; fileRef = 4E86DADB27560D9100C471B5 /* ObserverExampleViewController.swift */; };
		4E86DADD2756121500C471B5 /* MainStoryboard.storyboard in Resources */ = {isa = PBXBuildFile; fileRef = 4EFC17452562C55A0050BB01 /* MainStoryboard.storyboard */; };
		4E86DAE727563EAA00C471B5 /* Localize.swift in Sources */ = {isa = PBXBuildFile; fileRef = 4E86DAE627563EAA00C471B5 /* Localize.swift */; };
		4E89F3C0272D16750024C7DB /* AnimationViewController.swift in Sources */ = {isa = PBXBuildFile; fileRef = 4E89F3BF272D16750024C7DB /* AnimationViewController.swift */; };
		4E89F3C3272D22870024C7DB /* MaskImageViewController.swift in Sources */ = {isa = PBXBuildFile; fileRef = 4E89F3C2272D22870024C7DB /* MaskImageViewController.swift */; };
		4E9A3A8826999790009360F3 /* Localizable.strings in Resources */ = {isa = PBXBuildFile; fileRef = 4E9A3A8A26999790009360F3 /* Localizable.strings */; };
		4E9A3A90269997DF009360F3 /* SalahUtilityEx.swift in Sources */ = {isa = PBXBuildFile; fileRef = 4E9A3A8F269997DF009360F3 /* SalahUtilityEx.swift */; };
		4EA1C89725EB9F5B00857267 /* ShadowExampleViewController.swift in Sources */ = {isa = PBXBuildFile; fileRef = 4EA1C89625EB9F5B00857267 /* ShadowExampleViewController.swift */; };
		4EA1C89925EB9F9000857267 /* ConstraintExampleViewController.swift in Sources */ = {isa = PBXBuildFile; fileRef = 4EA1C89825EB9F9000857267 /* ConstraintExampleViewController.swift */; };
		4EA31A512743B7C40065CD2F /* SheetViewController.swift in Sources */ = {isa = PBXBuildFile; fileRef = 4EA31A502743B7C40065CD2F /* SheetViewController.swift */; };
		4EA31A532743B80A0065CD2F /* SheetExampleViewController.swift in Sources */ = {isa = PBXBuildFile; fileRef = 4EA31A522743B8090065CD2F /* SheetExampleViewController.swift */; };
		4EA35B8825F647F100377C6D /* TableViewSectionExampleViewController.swift in Sources */ = {isa = PBXBuildFile; fileRef = 4EA35B8725F647F100377C6D /* TableViewSectionExampleViewController.swift */; };
		4EB6807F274A76CD00363E69 /* Secondary.storyboard in Resources */ = {isa = PBXBuildFile; fileRef = 4EB6807E274A76CD00363E69 /* Secondary.storyboard */; };
		4EBAE67327BB9C26003265EA /* DrawViewController.swift in Sources */ = {isa = PBXBuildFile; fileRef = 4EBAE67227BB9C26003265EA /* DrawViewController.swift */; };
		4EBFFDFE261362A200D2CB9E /* ParkBenchTimer.swift in Sources */ = {isa = PBXBuildFile; fileRef = 4EBFFDFD261362A200D2CB9E /* ParkBenchTimer.swift */; };
		4EC27530268C89E60094C216 /* ScrollViewWithImageViewController.swift in Sources */ = {isa = PBXBuildFile; fileRef = 4EC2752F268C89E60094C216 /* ScrollViewWithImageViewController.swift */; };
		4EC8D9C026760C35003D90D3 /* TestTabBarController.swift in Sources */ = {isa = PBXBuildFile; fileRef = 4EC8D9BF26760C35003D90D3 /* TestTabBarController.swift */; };
		4EC8D9C826760C65003D90D3 /* FirstTabBarController.swift in Sources */ = {isa = PBXBuildFile; fileRef = 4EC8D9C726760C65003D90D3 /* FirstTabBarController.swift */; };
		4EC8D9CD26760CAD003D90D3 /* SecondTabBarController.swift in Sources */ = {isa = PBXBuildFile; fileRef = 4EC8D9CC26760CAD003D90D3 /* SecondTabBarController.swift */; };
		4EC9B21F26DCAC8B006CB4E5 /* AttributedStringExampleViewController.swift in Sources */ = {isa = PBXBuildFile; fileRef = 4EC9B21E26DCAC8B006CB4E5 /* AttributedStringExampleViewController.swift */; };
		4ECDD0F926872BBD005AB6D9 /* IndexingStorageManager.swift in Sources */ = {isa = PBXBuildFile; fileRef = 4ECDD0F826872BBD005AB6D9 /* IndexingStorageManager.swift */; };
		4ED03944265FCB3A00E173EA /* ImageSizeViewController.swift in Sources */ = {isa = PBXBuildFile; fileRef = 4ED03943265FCB3A00E173EA /* ImageSizeViewController.swift */; };
		4ED30C1E25BFF3E900313983 /* RegularExpressionViewController.swift in Sources */ = {isa = PBXBuildFile; fileRef = 4ED30C1D25BFF3E900313983 /* RegularExpressionViewController.swift */; };
		4ED30C2325C023E100313983 /* Regex.swift in Sources */ = {isa = PBXBuildFile; fileRef = 4ED30C2225C023E100313983 /* Regex.swift */; };
		4EDB527D2701CBCE009C00FF /* OperationQueueViewController.swift in Sources */ = {isa = PBXBuildFile; fileRef = 4EDB527B2701CBC0009C00FF /* OperationQueueViewController.swift */; };
		4EE3F414273D1F8D006FED8C /* CutomAnimation.swift in Sources */ = {isa = PBXBuildFile; fileRef = 4EE3F413273D1F8D006FED8C /* CutomAnimation.swift */; };
		4EEE962527268E6D00199B7F /* LanguageCollectionViewFlowLayout.swift in Sources */ = {isa = PBXBuildFile; fileRef = 4EEE962427268E6D00199B7F /* LanguageCollectionViewFlowLayout.swift */; };
		4EFC17402562C55A0050BB01 /* AppDelegate.swift in Sources */ = {isa = PBXBuildFile; fileRef = 4EFC173F2562C55A0050BB01 /* AppDelegate.swift */; };
		4EFC17422562C55A0050BB01 /* SceneDelegate.swift in Sources */ = {isa = PBXBuildFile; fileRef = 4EFC17412562C55A0050BB01 /* SceneDelegate.swift */; };
		4EFC17442562C55A0050BB01 /* TestViewController.swift in Sources */ = {isa = PBXBuildFile; fileRef = 4EFC17432562C55A0050BB01 /* TestViewController.swift */; };
		4EFC17492562C55E0050BB01 /* Assets.xcassets in Resources */ = {isa = PBXBuildFile; fileRef = 4EFC17482562C55E0050BB01 /* Assets.xcassets */; };
		4EFC174C2562C55E0050BB01 /* LaunchScreen.storyboard in Resources */ = {isa = PBXBuildFile; fileRef = 4EFC174A2562C55E0050BB01 /* LaunchScreen.storyboard */; };
		4EFC17572562C55E0050BB01 /* SalahUtilityExampleTests.swift in Sources */ = {isa = PBXBuildFile; fileRef = 4EFC17562562C55E0050BB01 /* SalahUtilityExampleTests.swift */; };
		4EFC17622562C55E0050BB01 /* SalahUtilityExampleUITests.swift in Sources */ = {isa = PBXBuildFile; fileRef = 4EFC17612562C55E0050BB01 /* SalahUtilityExampleUITests.swift */; };
		4EFC17812562C6780050BB01 /* Localizable.strings in Resources */ = {isa = PBXBuildFile; fileRef = 4EFC17832562C6780050BB01 /* Localizable.strings */; };
		4EFC17922562C80A0050BB01 /* LocalNotificationViewController.swift in Sources */ = {isa = PBXBuildFile; fileRef = 4EFC17912562C80A0050BB01 /* LocalNotificationViewController.swift */; };
		4EFC179C2562CA150050BB01 /* SalahUtility.framework in Frameworks */ = {isa = PBXBuildFile; fileRef = 4E34D74A2448F7EF00FCCC1A /* SalahUtility.framework */; };
		4EFC179D2562CA150050BB01 /* SalahUtility.framework in Embed Frameworks */ = {isa = PBXBuildFile; fileRef = 4E34D74A2448F7EF00FCCC1A /* SalahUtility.framework */; settings = {ATTRIBUTES = (CodeSignOnCopy, RemoveHeadersOnCopy, ); }; };
/* End PBXBuildFile section */

/* Begin PBXContainerItemProxy section */
		4EFC17532562C55E0050BB01 /* PBXContainerItemProxy */ = {
			isa = PBXContainerItemProxy;
			containerPortal = 4E34D7412448F7EF00FCCC1A /* Project object */;
			proxyType = 1;
			remoteGlobalIDString = 4EFC173C2562C55A0050BB01;
			remoteInfo = SalahUtilityExample;
		};
		4EFC175E2562C55E0050BB01 /* PBXContainerItemProxy */ = {
			isa = PBXContainerItemProxy;
			containerPortal = 4E34D7412448F7EF00FCCC1A /* Project object */;
			proxyType = 1;
			remoteGlobalIDString = 4EFC173C2562C55A0050BB01;
			remoteInfo = SalahUtilityExample;
		};
		4EFC179E2562CA150050BB01 /* PBXContainerItemProxy */ = {
			isa = PBXContainerItemProxy;
			containerPortal = 4E34D7412448F7EF00FCCC1A /* Project object */;
			proxyType = 1;
			remoteGlobalIDString = 4E34D7492448F7EF00FCCC1A;
			remoteInfo = SalahUtility;
		};
/* End PBXContainerItemProxy section */

/* Begin PBXCopyFilesBuildPhase section */
		4EFC17A02562CA150050BB01 /* Embed Frameworks */ = {
			isa = PBXCopyFilesBuildPhase;
			buildActionMask = 2147483647;
			dstPath = "";
			dstSubfolderSpec = 10;
			files = (
				4EFC179D2562CA150050BB01 /* SalahUtility.framework in Embed Frameworks */,
			);
			name = "Embed Frameworks";
			runOnlyForDeploymentPostprocessing = 0;
		};
/* End PBXCopyFilesBuildPhase section */

/* Begin PBXFileReference section */
		4E04A0CB2754B08C002FCDD0 /* JSONAble.swift */ = {isa = PBXFileReference; lastKnownFileType = sourcecode.swift; path = JSONAble.swift; sourceTree = "<group>"; };
		4E04A0F42754E13C002FCDD0 /* FirstViewController.swift */ = {isa = PBXFileReference; fileEncoding = 4; lastKnownFileType = sourcecode.swift; path = FirstViewController.swift; sourceTree = "<group>"; };
		4E04A0F52754E13C002FCDD0 /* ThiredViewController.swift */ = {isa = PBXFileReference; fileEncoding = 4; lastKnownFileType = sourcecode.swift; path = ThiredViewController.swift; sourceTree = "<group>"; };
		4E04A0F62754E13C002FCDD0 /* SecondViewController.swift */ = {isa = PBXFileReference; fileEncoding = 4; lastKnownFileType = sourcecode.swift; path = SecondViewController.swift; sourceTree = "<group>"; };
		4E04A0F72754E13C002FCDD0 /* ForthViewController.swift */ = {isa = PBXFileReference; fileEncoding = 4; lastKnownFileType = sourcecode.swift; path = ForthViewController.swift; sourceTree = "<group>"; };
		4E04A1002754E264002FCDD0 /* NavigationMain.storyboard */ = {isa = PBXFileReference; fileEncoding = 4; lastKnownFileType = file.storyboard; path = NavigationMain.storyboard; sourceTree = "<group>"; };
		4E1A3D27274ADED500963CC3 /* VerticallyCenteredTextView.swift */ = {isa = PBXFileReference; lastKnownFileType = sourcecode.swift; path = VerticallyCenteredTextView.swift; sourceTree = "<group>"; };
		4E1EA39825F6B03D005D703E /* Debuger.swift */ = {isa = PBXFileReference; lastKnownFileType = sourcecode.swift; path = Debuger.swift; sourceTree = "<group>"; };
		4E20826825C167C400F92E23 /* TestCollectionViewViewController.swift */ = {isa = PBXFileReference; lastKnownFileType = sourcecode.swift; path = TestCollectionViewViewController.swift; sourceTree = "<group>"; };
		4E20826D25C167E000F92E23 /* TestCollectionViewCell.swift */ = {isa = PBXFileReference; lastKnownFileType = sourcecode.swift; path = TestCollectionViewCell.swift; sourceTree = "<group>"; };
		4E27B5F52608F96100497E98 /* UIImagePickerControllerEx.swift */ = {isa = PBXFileReference; lastKnownFileType = sourcecode.swift; path = UIImagePickerControllerEx.swift; sourceTree = "<group>"; };
		4E30D27225732FB4005B63EA /* DateViewController.swift */ = {isa = PBXFileReference; lastKnownFileType = sourcecode.swift; path = DateViewController.swift; sourceTree = "<group>"; };
		4E331C422460C17700E5562C /* CounterModel.swift */ = {isa = PBXFileReference; fileEncoding = 4; lastKnownFileType = sourcecode.swift; path = CounterModel.swift; sourceTree = "<group>"; };
		4E331C442460C25800E5562C /* BaseInheritance.swift */ = {isa = PBXFileReference; fileEncoding = 4; lastKnownFileType = sourcecode.swift; path = BaseInheritance.swift; sourceTree = "<group>"; };
		4E34D74A2448F7EF00FCCC1A /* SalahUtility.framework */ = {isa = PBXFileReference; explicitFileType = wrapper.framework; includeInIndex = 0; path = SalahUtility.framework; sourceTree = BUILT_PRODUCTS_DIR; };
		4E34D74D2448F7F000FCCC1A /* SalahUtility.h */ = {isa = PBXFileReference; lastKnownFileType = sourcecode.c.h; path = SalahUtility.h; sourceTree = "<group>"; };
		4E34D7552448F81700FCCC1A /* BaseExtension.swift */ = {isa = PBXFileReference; fileEncoding = 4; lastKnownFileType = sourcecode.swift; path = BaseExtension.swift; sourceTree = "<group>"; };
		4E37DFE527B522FE00BA814E /* URLExampleViewController.swift */ = {isa = PBXFileReference; lastKnownFileType = sourcecode.swift; name = URLExampleViewController.swift; path = SalahUtilityExample/URLExampleViewController.swift; sourceTree = SOURCE_ROOT; };
		4E42C94724BF0CAB0095ED53 /* UIDocumentPickerViewControllerEx.swift */ = {isa = PBXFileReference; fileEncoding = 4; lastKnownFileType = sourcecode.swift; path = UIDocumentPickerViewControllerEx.swift; sourceTree = "<group>"; };
		4E459A322757AA1300EE0D85 /* Base64ImageViewController.swift */ = {isa = PBXFileReference; lastKnownFileType = sourcecode.swift; path = Base64ImageViewController.swift; sourceTree = "<group>"; };
		4E459A342757AFAC00EE0D85 /* TestImage.png */ = {isa = PBXFileReference; lastKnownFileType = image.png; path = TestImage.png; sourceTree = "<group>"; };
		4E4D4D1225BDD75C00E676FB /* Property List.plist */ = {isa = PBXFileReference; lastKnownFileType = text.plist.xml; path = "Property List.plist"; sourceTree = "<group>"; };
		4E5B4C4425FF818500A58C70 /* GenericExampleViewController.swift */ = {isa = PBXFileReference; lastKnownFileType = sourcecode.swift; path = GenericExampleViewController.swift; sourceTree = "<group>"; };
		4E6D71A726FC5CD800C9981D /* RetainCyclesExample.swift */ = {isa = PBXFileReference; lastKnownFileType = sourcecode.swift; path = RetainCyclesExample.swift; sourceTree = "<group>"; };
		4E71C64C25CBD7E100D95243 /* NavigationHeightExampleViewController.swift */ = {isa = PBXFileReference; lastKnownFileType = sourcecode.swift; path = NavigationHeightExampleViewController.swift; sourceTree = "<group>"; };
		4E73424C24F25F3400969E79 /* LocalAuth.swift */ = {isa = PBXFileReference; fileEncoding = 4; lastKnownFileType = sourcecode.swift; path = LocalAuth.swift; sourceTree = "<group>"; };
		4E73E6D625AE38F60027C69B /* LocaleViewController.swift */ = {isa = PBXFileReference; lastKnownFileType = sourcecode.swift; path = LocaleViewController.swift; sourceTree = "<group>"; };
		4E76184927CE97FC00B66DE3 /* DrawShapesViewController.swift */ = {isa = PBXFileReference; lastKnownFileType = sourcecode.swift; path = DrawShapesViewController.swift; sourceTree = "<group>"; };
		4E77AB9C25F8E9B2006DF25F /* UIDatePickerExampleViewController.swift */ = {isa = PBXFileReference; lastKnownFileType = sourcecode.swift; path = UIDatePickerExampleViewController.swift; sourceTree = "<group>"; };
		4E79BD1B2484EA80006FD36D /* InformationScreenManager.swift */ = {isa = PBXFileReference; fileEncoding = 4; lastKnownFileType = sourcecode.swift; path = InformationScreenManager.swift; sourceTree = "<group>"; };
		4E79BD1D2484EB73006FD36D /* NotificationBuilder.swift */ = {isa = PBXFileReference; fileEncoding = 4; lastKnownFileType = sourcecode.swift; path = NotificationBuilder.swift; sourceTree = "<group>"; };
		4E7CB512279564C6001DDD57 /* WebViewViewController.swift */ = {isa = PBXFileReference; lastKnownFileType = sourcecode.swift; path = WebViewViewController.swift; sourceTree = "<group>"; };
		4E7CB515279566A6001DDD57 /* webView.css */ = {isa = PBXFileReference; fileEncoding = 4; lastKnownFileType = text.css; path = webView.css; sourceTree = "<group>"; };
		4E7CB517279567C2001DDD57 /* Cairo-Regular.ttf */ = {isa = PBXFileReference; lastKnownFileType = file; path = "Cairo-Regular.ttf"; sourceTree = "<group>"; };
		4E7CFBF72604EDFE000DB1A9 /* NumbersViewController.swift */ = {isa = PBXFileReference; lastKnownFileType = sourcecode.swift; path = NumbersViewController.swift; sourceTree = "<group>"; };
		4E80CF8A25C7E31A0077F0DC /* DaynamicScrollViewViewController.swift */ = {isa = PBXFileReference; lastKnownFileType = sourcecode.swift; path = DaynamicScrollViewViewController.swift; sourceTree = "<group>"; };
		4E86DADB27560D9100C471B5 /* ObserverExampleViewController.swift */ = {isa = PBXFileReference; fileEncoding = 4; lastKnownFileType = sourcecode.swift; path = ObserverExampleViewController.swift; sourceTree = "<group>"; };
		4E86DAE627563EAA00C471B5 /* Localize.swift */ = {isa = PBXFileReference; lastKnownFileType = sourcecode.swift; path = Localize.swift; sourceTree = "<group>"; };
		4E89F3BF272D16750024C7DB /* AnimationViewController.swift */ = {isa = PBXFileReference; lastKnownFileType = sourcecode.swift; path = AnimationViewController.swift; sourceTree = "<group>"; };
		4E89F3C2272D22870024C7DB /* MaskImageViewController.swift */ = {isa = PBXFileReference; lastKnownFileType = sourcecode.swift; path = MaskImageViewController.swift; sourceTree = "<group>"; };
		4E910AE6245E2F95005C2976 /* Info.plist */ = {isa = PBXFileReference; lastKnownFileType = text.plist.xml; path = Info.plist; sourceTree = "<group>"; };
		4E9A3A8926999790009360F3 /* en */ = {isa = PBXFileReference; lastKnownFileType = text.plist.strings; name = en; path = en.lproj/Localizable.strings; sourceTree = "<group>"; };
		4E9A3A8E26999795009360F3 /* ar */ = {isa = PBXFileReference; lastKnownFileType = text.plist.strings; name = ar; path = ar.lproj/Localizable.strings; sourceTree = "<group>"; };
		4E9A3A8F269997DF009360F3 /* SalahUtilityEx.swift */ = {isa = PBXFileReference; lastKnownFileType = sourcecode.swift; path = SalahUtilityEx.swift; sourceTree = "<group>"; };
		4EA1C89625EB9F5B00857267 /* ShadowExampleViewController.swift */ = {isa = PBXFileReference; lastKnownFileType = sourcecode.swift; path = ShadowExampleViewController.swift; sourceTree = "<group>"; };
		4EA1C89825EB9F9000857267 /* ConstraintExampleViewController.swift */ = {isa = PBXFileReference; lastKnownFileType = sourcecode.swift; path = ConstraintExampleViewController.swift; sourceTree = "<group>"; };
		4EA31A502743B7C40065CD2F /* SheetViewController.swift */ = {isa = PBXFileReference; fileEncoding = 4; lastKnownFileType = sourcecode.swift; path = SheetViewController.swift; sourceTree = "<group>"; };
		4EA31A522743B8090065CD2F /* SheetExampleViewController.swift */ = {isa = PBXFileReference; lastKnownFileType = sourcecode.swift; path = SheetExampleViewController.swift; sourceTree = "<group>"; };
		4EA35B8725F647F100377C6D /* TableViewSectionExampleViewController.swift */ = {isa = PBXFileReference; lastKnownFileType = sourcecode.swift; path = TableViewSectionExampleViewController.swift; sourceTree = "<group>"; };
		4EB6807E274A76CD00363E69 /* Secondary.storyboard */ = {isa = PBXFileReference; lastKnownFileType = file.storyboard; path = Secondary.storyboard; sourceTree = "<group>"; };
		4EBAE67227BB9C26003265EA /* DrawViewController.swift */ = {isa = PBXFileReference; lastKnownFileType = sourcecode.swift; path = DrawViewController.swift; sourceTree = "<group>"; };
		4EBFFDFD261362A200D2CB9E /* ParkBenchTimer.swift */ = {isa = PBXFileReference; lastKnownFileType = sourcecode.swift; path = ParkBenchTimer.swift; sourceTree = "<group>"; };
		4EC2752F268C89E60094C216 /* ScrollViewWithImageViewController.swift */ = {isa = PBXFileReference; lastKnownFileType = sourcecode.swift; path = ScrollViewWithImageViewController.swift; sourceTree = "<group>"; };
		4EC8D9BF26760C35003D90D3 /* TestTabBarController.swift */ = {isa = PBXFileReference; lastKnownFileType = sourcecode.swift; path = TestTabBarController.swift; sourceTree = "<group>"; };
		4EC8D9C726760C65003D90D3 /* FirstTabBarController.swift */ = {isa = PBXFileReference; lastKnownFileType = sourcecode.swift; path = FirstTabBarController.swift; sourceTree = "<group>"; };
		4EC8D9CC26760CAD003D90D3 /* SecondTabBarController.swift */ = {isa = PBXFileReference; lastKnownFileType = sourcecode.swift; path = SecondTabBarController.swift; sourceTree = "<group>"; };
		4EC9B21E26DCAC8B006CB4E5 /* AttributedStringExampleViewController.swift */ = {isa = PBXFileReference; lastKnownFileType = sourcecode.swift; path = AttributedStringExampleViewController.swift; sourceTree = "<group>"; };
		4ECDD0F826872BBD005AB6D9 /* IndexingStorageManager.swift */ = {isa = PBXFileReference; lastKnownFileType = sourcecode.swift; path = IndexingStorageManager.swift; sourceTree = "<group>"; };
		4ED03943265FCB3A00E173EA /* ImageSizeViewController.swift */ = {isa = PBXFileReference; lastKnownFileType = sourcecode.swift; path = ImageSizeViewController.swift; sourceTree = "<group>"; };
		4ED30C1D25BFF3E900313983 /* RegularExpressionViewController.swift */ = {isa = PBXFileReference; lastKnownFileType = sourcecode.swift; path = RegularExpressionViewController.swift; sourceTree = "<group>"; };
		4ED30C2225C023E100313983 /* Regex.swift */ = {isa = PBXFileReference; lastKnownFileType = sourcecode.swift; path = Regex.swift; sourceTree = "<group>"; };
		4EDB527B2701CBC0009C00FF /* OperationQueueViewController.swift */ = {isa = PBXFileReference; lastKnownFileType = sourcecode.swift; path = OperationQueueViewController.swift; sourceTree = "<group>"; };
		4EE3F413273D1F8D006FED8C /* CutomAnimation.swift */ = {isa = PBXFileReference; lastKnownFileType = sourcecode.swift; path = CutomAnimation.swift; sourceTree = "<group>"; };
		4EEE962427268E6D00199B7F /* LanguageCollectionViewFlowLayout.swift */ = {isa = PBXFileReference; lastKnownFileType = sourcecode.swift; path = LanguageCollectionViewFlowLayout.swift; sourceTree = "<group>"; };
		4EFC173D2562C55A0050BB01 /* SalahUtilityExample.app */ = {isa = PBXFileReference; explicitFileType = wrapper.application; includeInIndex = 0; path = SalahUtilityExample.app; sourceTree = BUILT_PRODUCTS_DIR; };
		4EFC173F2562C55A0050BB01 /* AppDelegate.swift */ = {isa = PBXFileReference; lastKnownFileType = sourcecode.swift; path = AppDelegate.swift; sourceTree = "<group>"; };
		4EFC17412562C55A0050BB01 /* SceneDelegate.swift */ = {isa = PBXFileReference; lastKnownFileType = sourcecode.swift; path = SceneDelegate.swift; sourceTree = "<group>"; };
		4EFC17432562C55A0050BB01 /* TestViewController.swift */ = {isa = PBXFileReference; lastKnownFileType = sourcecode.swift; path = TestViewController.swift; sourceTree = "<group>"; };
		4EFC17462562C55A0050BB01 /* Base */ = {isa = PBXFileReference; lastKnownFileType = file.storyboard; name = Base; path = Base.lproj/MainStoryboard.storyboard; sourceTree = "<group>"; };
		4EFC17482562C55E0050BB01 /* Assets.xcassets */ = {isa = PBXFileReference; lastKnownFileType = folder.assetcatalog; path = Assets.xcassets; sourceTree = "<group>"; };
		4EFC174B2562C55E0050BB01 /* Base */ = {isa = PBXFileReference; lastKnownFileType = file.storyboard; name = Base; path = Base.lproj/LaunchScreen.storyboard; sourceTree = "<group>"; };
		4EFC174D2562C55E0050BB01 /* Info.plist */ = {isa = PBXFileReference; lastKnownFileType = text.plist.xml; path = Info.plist; sourceTree = "<group>"; };
		4EFC17522562C55E0050BB01 /* SalahUtilityExampleTests.xctest */ = {isa = PBXFileReference; explicitFileType = wrapper.cfbundle; includeInIndex = 0; path = SalahUtilityExampleTests.xctest; sourceTree = BUILT_PRODUCTS_DIR; };
		4EFC17562562C55E0050BB01 /* SalahUtilityExampleTests.swift */ = {isa = PBXFileReference; lastKnownFileType = sourcecode.swift; path = SalahUtilityExampleTests.swift; sourceTree = "<group>"; };
		4EFC17582562C55E0050BB01 /* Info.plist */ = {isa = PBXFileReference; lastKnownFileType = text.plist.xml; path = Info.plist; sourceTree = "<group>"; };
		4EFC175D2562C55E0050BB01 /* SalahUtilityExampleUITests.xctest */ = {isa = PBXFileReference; explicitFileType = wrapper.cfbundle; includeInIndex = 0; path = SalahUtilityExampleUITests.xctest; sourceTree = BUILT_PRODUCTS_DIR; };
		4EFC17612562C55E0050BB01 /* SalahUtilityExampleUITests.swift */ = {isa = PBXFileReference; lastKnownFileType = sourcecode.swift; path = SalahUtilityExampleUITests.swift; sourceTree = "<group>"; };
		4EFC17632562C55E0050BB01 /* Info.plist */ = {isa = PBXFileReference; lastKnownFileType = text.plist.xml; path = Info.plist; sourceTree = "<group>"; };
		4EFC17822562C6780050BB01 /* en */ = {isa = PBXFileReference; lastKnownFileType = text.plist.strings; name = en; path = en.lproj/Localizable.strings; sourceTree = "<group>"; };
		4EFC17842562C67A0050BB01 /* ar */ = {isa = PBXFileReference; lastKnownFileType = text.plist.strings; name = ar; path = ar.lproj/Localizable.strings; sourceTree = "<group>"; };
		4EFC17862562C70F0050BB01 /* localNotificationAudio.m4a */ = {isa = PBXFileReference; lastKnownFileType = file; path = localNotificationAudio.m4a; sourceTree = "<group>"; };
		4EFC17912562C80A0050BB01 /* LocalNotificationViewController.swift */ = {isa = PBXFileReference; lastKnownFileType = sourcecode.swift; path = LocalNotificationViewController.swift; sourceTree = "<group>"; };
/* End PBXFileReference section */

/* Begin PBXFrameworksBuildPhase section */
		4E34D7472448F7EF00FCCC1A /* Frameworks */ = {
			isa = PBXFrameworksBuildPhase;
			buildActionMask = 2147483647;
			files = (
			);
			runOnlyForDeploymentPostprocessing = 0;
		};
		4EFC173A2562C55A0050BB01 /* Frameworks */ = {
			isa = PBXFrameworksBuildPhase;
			buildActionMask = 2147483647;
			files = (
				4EFC179C2562CA150050BB01 /* SalahUtility.framework in Frameworks */,
			);
			runOnlyForDeploymentPostprocessing = 0;
		};
		4EFC174F2562C55E0050BB01 /* Frameworks */ = {
			isa = PBXFrameworksBuildPhase;
			buildActionMask = 2147483647;
			files = (
			);
			runOnlyForDeploymentPostprocessing = 0;
		};
		4EFC175A2562C55E0050BB01 /* Frameworks */ = {
			isa = PBXFrameworksBuildPhase;
			buildActionMask = 2147483647;
			files = (
			);
			runOnlyForDeploymentPostprocessing = 0;
		};
/* End PBXFrameworksBuildPhase section */

/* Begin PBXGroup section */
		4E04A0F32754E13C002FCDD0 /* Navigation */ = {
			isa = PBXGroup;
			children = (
				4E04A0F42754E13C002FCDD0 /* FirstViewController.swift */,
				4E04A0F52754E13C002FCDD0 /* ThiredViewController.swift */,
				4E04A0F62754E13C002FCDD0 /* SecondViewController.swift */,
				4E04A0F72754E13C002FCDD0 /* ForthViewController.swift */,
			);
			path = Navigation;
			sourceTree = "<group>";
		};
		4E04A0FC2754E1AD002FCDD0 /* Sheet */ = {
			isa = PBXGroup;
			children = (
				4EA31A522743B8090065CD2F /* SheetExampleViewController.swift */,
			);
			path = Sheet;
			sourceTree = "<group>";
		};
		4E04A0FD2754E1D6002FCDD0 /* DatePicker */ = {
			isa = PBXGroup;
			children = (
				4E77AB9C25F8E9B2006DF25F /* UIDatePickerExampleViewController.swift */,
			);
			path = DatePicker;
			sourceTree = "<group>";
		};
		4E04A0FE2754E1F0002FCDD0 /* Storyboards */ = {
			isa = PBXGroup;
			children = (
				4EFC17452562C55A0050BB01 /* MainStoryboard.storyboard */,
				4EFC174A2562C55E0050BB01 /* LaunchScreen.storyboard */,
				4EB6807E274A76CD00363E69 /* Secondary.storyboard */,
				4E04A1002754E264002FCDD0 /* NavigationMain.storyboard */,
			);
			path = Storyboards;
			sourceTree = "<group>";
		};
		4E04A0FF2754E23A002FCDD0 /* SupportFiles */ = {
			isa = PBXGroup;
			children = (
				4E7CB515279566A6001DDD57 /* webView.css */,
				4E459A342757AFAC00EE0D85 /* TestImage.png */,
				4EFC17482562C55E0050BB01 /* Assets.xcassets */,
				4EFC174D2562C55E0050BB01 /* Info.plist */,
				4E7CB517279567C2001DDD57 /* Cairo-Regular.ttf */,
				4EFC17832562C6780050BB01 /* Localizable.strings */,
			);
			path = SupportFiles;
			sourceTree = "<group>";
		};
		4E04A1022754E272002FCDD0 /* Resources */ = {
			isa = PBXGroup;
			children = (
				4EFC17862562C70F0050BB01 /* localNotificationAudio.m4a */,
				4E4D4D1225BDD75C00E676FB /* Property List.plist */,
			);
			path = Resources;
			sourceTree = "<group>";
		};
		4E04A1032754E2A8002FCDD0 /* RetainCycles */ = {
			isa = PBXGroup;
			children = (
				4E6D71A726FC5CD800C9981D /* RetainCyclesExample.swift */,
			);
			path = RetainCycles;
			sourceTree = "<group>";
		};
		4E04A1042754E2BE002FCDD0 /* ViewControllers */ = {
			isa = PBXGroup;
			children = (
				4E4FCFE525EBA5B2007926BD /* Test */,
				4E4FCFCE25EBA528007926BD /* Date */,
				4E4FCFD225EBA53B007926BD /* LocalNotification */,
				4E4FCFD325EBA54D007926BD /* Locale */,
				4E4FCFD725EBA55B007926BD /* RegularExpression */,
				4E20827225C167E800F92E23 /* TestCollection */,
				4E4FCFDB25EBA56F007926BD /* DaynamicScroll */,
				4E4FCFDF25EBA581007926BD /* NavigationHeight */,
				4E4FCFE025EBA595007926BD /* Constraint */,
				4E4FCFE425EBA5A4007926BD /* Shadow */,
				4E5B4C4C25FF819C00A58C70 /* GenericExample */,
				4E7CFBFC2604EE07000DB1A9 /* Numbers */,
				4EC8D9B326760BE1003D90D3 /* TabBarController */,
				4EC2753A268C94FA0094C216 /* TableViewSection */,
				4EC27536268C93F10094C216 /* ImageSize */,
				4EC27535268C93E80094C216 /* ScrollViewWithImage */,
				4EE3F412273D1860006FED8C /* OperationQueue */,
				4EE3F411273D1841006FED8C /* AttributedString */,
				4E89F3C1272D226B0024C7DB /* Animation */,
				4EE3F410273D1810006FED8C /* MaskImage */,
				4E04A0F32754E13C002FCDD0 /* Navigation */,
				4E04A0FC2754E1AD002FCDD0 /* Sheet */,
				4E04A0FD2754E1D6002FCDD0 /* DatePicker */,
				4E04A1032754E2A8002FCDD0 /* RetainCycles */,
				4E86DADA27560CC900C471B5 /* Observer */,
				4E459A322757AA1300EE0D85 /* Base64ImageViewController.swift */,
				4E7CB514279564D0001DDD57 /* WebView */,
				4EBAE67227BB9C26003265EA /* DrawViewController.swift */,
				4E76184B27CE981000B66DE3 /* DrawShapes */,
			);
			path = ViewControllers;
			sourceTree = "<group>";
		};
		4E20827225C167E800F92E23 /* TestCollection */ = {
			isa = PBXGroup;
			children = (
				4E20826825C167C400F92E23 /* TestCollectionViewViewController.swift */,
				4E20826D25C167E000F92E23 /* TestCollectionViewCell.swift */,
			);
			path = TestCollection;
			sourceTree = "<group>";
		};
		4E34D7402448F7EF00FCCC1A = {
			isa = PBXGroup;
			children = (
				4E34D74C2448F7F000FCCC1A /* SalahUtility */,
				4EFC173E2562C55A0050BB01 /* SalahUtilityExample */,
				4EFC17552562C55E0050BB01 /* SalahUtilityExampleTests */,
				4EFC17602562C55E0050BB01 /* SalahUtilityExampleUITests */,
				4E34D74B2448F7EF00FCCC1A /* Products */,
				4EFC179B2562CA150050BB01 /* Frameworks */,
			);
			sourceTree = "<group>";
		};
		4E34D74B2448F7EF00FCCC1A /* Products */ = {
			isa = PBXGroup;
			children = (
				4E34D74A2448F7EF00FCCC1A /* SalahUtility.framework */,
				4EFC173D2562C55A0050BB01 /* SalahUtilityExample.app */,
				4EFC17522562C55E0050BB01 /* SalahUtilityExampleTests.xctest */,
				4EFC175D2562C55E0050BB01 /* SalahUtilityExampleUITests.xctest */,
			);
			name = Products;
			sourceTree = "<group>";
		};
		4E34D74C2448F7F000FCCC1A /* SalahUtility */ = {
			isa = PBXGroup;
			children = (
				4E34D74D2448F7F000FCCC1A /* SalahUtility.h */,
				4E34D7552448F81700FCCC1A /* BaseExtension.swift */,
				4E331C422460C17700E5562C /* CounterModel.swift */,
				4E331C442460C25800E5562C /* BaseInheritance.swift */,
				4E79BD1B2484EA80006FD36D /* InformationScreenManager.swift */,
				4E79BD1D2484EB73006FD36D /* NotificationBuilder.swift */,
				4E42C94724BF0CAB0095ED53 /* UIDocumentPickerViewControllerEx.swift */,
				4E27B5F52608F96100497E98 /* UIImagePickerControllerEx.swift */,
				4E73424C24F25F3400969E79 /* LocalAuth.swift */,
				4EBFFDFD261362A200D2CB9E /* ParkBenchTimer.swift */,
				4ECDD0F826872BBD005AB6D9 /* IndexingStorageManager.swift */,
				4EA31A502743B7C40065CD2F /* SheetViewController.swift */,
				4ED30C2225C023E100313983 /* Regex.swift */,
				4E1EA39825F6B03D005D703E /* Debuger.swift */,
				4E9A3A8F269997DF009360F3 /* SalahUtilityEx.swift */,
				4EEE962427268E6D00199B7F /* LanguageCollectionViewFlowLayout.swift */,
				4EE3F413273D1F8D006FED8C /* CutomAnimation.swift */,
				4E1A3D27274ADED500963CC3 /* VerticallyCenteredTextView.swift */,
				4E04A0CB2754B08C002FCDD0 /* JSONAble.swift */,
				4E86DAE627563EAA00C471B5 /* Localize.swift */,
				4E910AE5245E2F95005C2976 /* Resources */,
			);
			path = SalahUtility;
			sourceTree = "<group>";
		};
		4E4FCFCE25EBA528007926BD /* Date */ = {
			isa = PBXGroup;
			children = (
				4E30D27225732FB4005B63EA /* DateViewController.swift */,
			);
			path = Date;
			sourceTree = "<group>";
		};
		4E4FCFD225EBA53B007926BD /* LocalNotification */ = {
			isa = PBXGroup;
			children = (
				4EFC17912562C80A0050BB01 /* LocalNotificationViewController.swift */,
			);
			path = LocalNotification;
			sourceTree = "<group>";
		};
		4E4FCFD325EBA54D007926BD /* Locale */ = {
			isa = PBXGroup;
			children = (
				4E73E6D625AE38F60027C69B /* LocaleViewController.swift */,
			);
			path = Locale;
			sourceTree = "<group>";
		};
		4E4FCFD725EBA55B007926BD /* RegularExpression */ = {
			isa = PBXGroup;
			children = (
				4ED30C1D25BFF3E900313983 /* RegularExpressionViewController.swift */,
			);
			path = RegularExpression;
			sourceTree = "<group>";
		};
		4E4FCFDB25EBA56F007926BD /* DaynamicScroll */ = {
			isa = PBXGroup;
			children = (
				4E80CF8A25C7E31A0077F0DC /* DaynamicScrollViewViewController.swift */,
			);
			path = DaynamicScroll;
			sourceTree = "<group>";
		};
		4E4FCFDF25EBA581007926BD /* NavigationHeight */ = {
			isa = PBXGroup;
			children = (
				4E71C64C25CBD7E100D95243 /* NavigationHeightExampleViewController.swift */,
			);
			path = NavigationHeight;
			sourceTree = "<group>";
		};
		4E4FCFE025EBA595007926BD /* Constraint */ = {
			isa = PBXGroup;
			children = (
				4EA1C89825EB9F9000857267 /* ConstraintExampleViewController.swift */,
			);
			path = Constraint;
			sourceTree = "<group>";
		};
		4E4FCFE425EBA5A4007926BD /* Shadow */ = {
			isa = PBXGroup;
			children = (
				4EA1C89625EB9F5B00857267 /* ShadowExampleViewController.swift */,
			);
			path = Shadow;
			sourceTree = "<group>";
		};
		4E4FCFE525EBA5B2007926BD /* Test */ = {
			isa = PBXGroup;
			children = (
				4EFC17432562C55A0050BB01 /* TestViewController.swift */,
			);
			path = Test;
			sourceTree = "<group>";
		};
		4E5B4C4C25FF819C00A58C70 /* GenericExample */ = {
			isa = PBXGroup;
			children = (
				4E5B4C4425FF818500A58C70 /* GenericExampleViewController.swift */,
			);
			path = GenericExample;
			sourceTree = "<group>";
		};
		4E76184B27CE981000B66DE3 /* DrawShapes */ = {
			isa = PBXGroup;
			children = (
				4E76184927CE97FC00B66DE3 /* DrawShapesViewController.swift */,
			);
			path = DrawShapes;
			sourceTree = "<group>";
		};
		4E7CB514279564D0001DDD57 /* WebView */ = {
			isa = PBXGroup;
			children = (
				4E7CB512279564C6001DDD57 /* WebViewViewController.swift */,
			);
			path = WebView;
			sourceTree = "<group>";
		};
		4E7CFBFC2604EE07000DB1A9 /* Numbers */ = {
			isa = PBXGroup;
			children = (
				4E7CFBF72604EDFE000DB1A9 /* NumbersViewController.swift */,
			);
			path = Numbers;
			sourceTree = "<group>";
		};
		4E86DADA27560CC900C471B5 /* Observer */ = {
			isa = PBXGroup;
			children = (
				4E86DADB27560D9100C471B5 /* ObserverExampleViewController.swift */,
			);
			path = Observer;
			sourceTree = "<group>";
		};
		4E89F3C1272D226B0024C7DB /* Animation */ = {
			isa = PBXGroup;
			children = (
				4E89F3BF272D16750024C7DB /* AnimationViewController.swift */,
			);
			path = Animation;
			sourceTree = "<group>";
		};
		4E910AE5245E2F95005C2976 /* Resources */ = {
			isa = PBXGroup;
			children = (
				4E910AE6245E2F95005C2976 /* Info.plist */,
				4E9A3A8A26999790009360F3 /* Localizable.strings */,
			);
			path = Resources;
			sourceTree = "<group>";
		};
		4EC27535268C93E80094C216 /* ScrollViewWithImage */ = {
			isa = PBXGroup;
			children = (
				4EC2752F268C89E60094C216 /* ScrollViewWithImageViewController.swift */,
			);
			path = ScrollViewWithImage;
			sourceTree = "<group>";
		};
		4EC27536268C93F10094C216 /* ImageSize */ = {
			isa = PBXGroup;
			children = (
				4ED03943265FCB3A00E173EA /* ImageSizeViewController.swift */,
			);
			path = ImageSize;
			sourceTree = "<group>";
		};
		4EC2753A268C94FA0094C216 /* TableViewSection */ = {
			isa = PBXGroup;
			children = (
				4EA35B8725F647F100377C6D /* TableViewSectionExampleViewController.swift */,
			);
			path = TableViewSection;
			sourceTree = "<group>";
		};
		4EC8D9B326760BE1003D90D3 /* TabBarController */ = {
			isa = PBXGroup;
			children = (
				4EC8D9BF26760C35003D90D3 /* TestTabBarController.swift */,
				4EC8D9C726760C65003D90D3 /* FirstTabBarController.swift */,
				4EC8D9CC26760CAD003D90D3 /* SecondTabBarController.swift */,
			);
			path = TabBarController;
			sourceTree = "<group>";
		};
		4EE3F410273D1810006FED8C /* MaskImage */ = {
			isa = PBXGroup;
			children = (
				4E89F3C2272D22870024C7DB /* MaskImageViewController.swift */,
			);
			path = MaskImage;
			sourceTree = "<group>";
		};
		4EE3F411273D1841006FED8C /* AttributedString */ = {
			isa = PBXGroup;
			children = (
				4EC9B21E26DCAC8B006CB4E5 /* AttributedStringExampleViewController.swift */,
			);
			path = AttributedString;
			sourceTree = "<group>";
		};
		4EE3F412273D1860006FED8C /* OperationQueue */ = {
			isa = PBXGroup;
			children = (
				4EDB527B2701CBC0009C00FF /* OperationQueueViewController.swift */,
			);
			path = OperationQueue;
			sourceTree = "<group>";
		};
		4EFC173E2562C55A0050BB01 /* SalahUtilityExample */ = {
			isa = PBXGroup;
			children = (
				4EFC173F2562C55A0050BB01 /* AppDelegate.swift */,
				4EFC17412562C55A0050BB01 /* SceneDelegate.swift */,
				4E04A0FE2754E1F0002FCDD0 /* Storyboards */,
				4E04A1042754E2BE002FCDD0 /* ViewControllers */,
				4E37DFE527B522FE00BA814E /* URLExampleViewController.swift */,
				4E04A1022754E272002FCDD0 /* Resources */,
				4E04A0FF2754E23A002FCDD0 /* SupportFiles */,
			);
			path = SalahUtilityExample;
			sourceTree = "<group>";
		};
		4EFC17552562C55E0050BB01 /* SalahUtilityExampleTests */ = {
			isa = PBXGroup;
			children = (
				4EFC17562562C55E0050BB01 /* SalahUtilityExampleTests.swift */,
				4EFC17582562C55E0050BB01 /* Info.plist */,
			);
			path = SalahUtilityExampleTests;
			sourceTree = "<group>";
		};
		4EFC17602562C55E0050BB01 /* SalahUtilityExampleUITests */ = {
			isa = PBXGroup;
			children = (
				4EFC17612562C55E0050BB01 /* SalahUtilityExampleUITests.swift */,
				4EFC17632562C55E0050BB01 /* Info.plist */,
			);
			path = SalahUtilityExampleUITests;
			sourceTree = "<group>";
		};
		4EFC179B2562CA150050BB01 /* Frameworks */ = {
			isa = PBXGroup;
			children = (
			);
			name = Frameworks;
			sourceTree = "<group>";
		};
/* End PBXGroup section */

/* Begin PBXHeadersBuildPhase section */
		4E34D7452448F7EF00FCCC1A /* Headers */ = {
			isa = PBXHeadersBuildPhase;
			buildActionMask = 2147483647;
			files = (
				4E34D74F2448F7F000FCCC1A /* SalahUtility.h in Headers */,
			);
			runOnlyForDeploymentPostprocessing = 0;
		};
/* End PBXHeadersBuildPhase section */

/* Begin PBXNativeTarget section */
		4E34D7492448F7EF00FCCC1A /* SalahUtility */ = {
			isa = PBXNativeTarget;
			buildConfigurationList = 4E34D7522448F7F000FCCC1A /* Build configuration list for PBXNativeTarget "SalahUtility" */;
			buildPhases = (
				4E34D7452448F7EF00FCCC1A /* Headers */,
				4E34D7462448F7EF00FCCC1A /* Sources */,
				4E34D7472448F7EF00FCCC1A /* Frameworks */,
				4E34D7482448F7EF00FCCC1A /* Resources */,
			);
			buildRules = (
			);
			dependencies = (
			);
			name = SalahUtility;
			productName = SalahUtility;
			productReference = 4E34D74A2448F7EF00FCCC1A /* SalahUtility.framework */;
			productType = "com.apple.product-type.framework";
		};
		4EFC173C2562C55A0050BB01 /* SalahUtilityExample */ = {
			isa = PBXNativeTarget;
			buildConfigurationList = 4EFC176A2562C55E0050BB01 /* Build configuration list for PBXNativeTarget "SalahUtilityExample" */;
			buildPhases = (
				4EFC17392562C55A0050BB01 /* Sources */,
				4EFC173A2562C55A0050BB01 /* Frameworks */,
				4EFC173B2562C55A0050BB01 /* Resources */,
				4EFC17A02562CA150050BB01 /* Embed Frameworks */,
			);
			buildRules = (
			);
			dependencies = (
				4EFC179F2562CA150050BB01 /* PBXTargetDependency */,
			);
			name = SalahUtilityExample;
			productName = SalahUtilityExample;
			productReference = 4EFC173D2562C55A0050BB01 /* SalahUtilityExample.app */;
			productType = "com.apple.product-type.application";
		};
		4EFC17512562C55E0050BB01 /* SalahUtilityExampleTests */ = {
			isa = PBXNativeTarget;
			buildConfigurationList = 4EFC176B2562C55E0050BB01 /* Build configuration list for PBXNativeTarget "SalahUtilityExampleTests" */;
			buildPhases = (
				4EFC174E2562C55E0050BB01 /* Sources */,
				4EFC174F2562C55E0050BB01 /* Frameworks */,
				4EFC17502562C55E0050BB01 /* Resources */,
			);
			buildRules = (
			);
			dependencies = (
				4EFC17542562C55E0050BB01 /* PBXTargetDependency */,
			);
			name = SalahUtilityExampleTests;
			productName = SalahUtilityExampleTests;
			productReference = 4EFC17522562C55E0050BB01 /* SalahUtilityExampleTests.xctest */;
			productType = "com.apple.product-type.bundle.unit-test";
		};
		4EFC175C2562C55E0050BB01 /* SalahUtilityExampleUITests */ = {
			isa = PBXNativeTarget;
			buildConfigurationList = 4EFC176C2562C55E0050BB01 /* Build configuration list for PBXNativeTarget "SalahUtilityExampleUITests" */;
			buildPhases = (
				4EFC17592562C55E0050BB01 /* Sources */,
				4EFC175A2562C55E0050BB01 /* Frameworks */,
				4EFC175B2562C55E0050BB01 /* Resources */,
			);
			buildRules = (
			);
			dependencies = (
				4EFC175F2562C55E0050BB01 /* PBXTargetDependency */,
			);
			name = SalahUtilityExampleUITests;
			productName = SalahUtilityExampleUITests;
			productReference = 4EFC175D2562C55E0050BB01 /* SalahUtilityExampleUITests.xctest */;
			productType = "com.apple.product-type.bundle.ui-testing";
		};
/* End PBXNativeTarget section */

/* Begin PBXProject section */
		4E34D7412448F7EF00FCCC1A /* Project object */ = {
			isa = PBXProject;
			attributes = {
				LastSwiftUpdateCheck = 1220;
				LastUpgradeCheck = 1130;
				ORGANIZATIONNAME = Salah;
				TargetAttributes = {
					4E34D7492448F7EF00FCCC1A = {
						CreatedOnToolsVersion = 11.3;
						LastSwiftMigration = 1130;
					};
					4EFC173C2562C55A0050BB01 = {
						CreatedOnToolsVersion = 12.2;
					};
					4EFC17512562C55E0050BB01 = {
						CreatedOnToolsVersion = 12.2;
						TestTargetID = 4EFC173C2562C55A0050BB01;
					};
					4EFC175C2562C55E0050BB01 = {
						CreatedOnToolsVersion = 12.2;
						TestTargetID = 4EFC173C2562C55A0050BB01;
					};
				};
			};
			buildConfigurationList = 4E34D7442448F7EF00FCCC1A /* Build configuration list for PBXProject "SalahUtility" */;
			compatibilityVersion = "Xcode 9.3";
			developmentRegion = en;
			hasScannedForEncodings = 0;
			knownRegions = (
				en,
				Base,
				ar,
			);
			mainGroup = 4E34D7402448F7EF00FCCC1A;
			productRefGroup = 4E34D74B2448F7EF00FCCC1A /* Products */;
			projectDirPath = "";
			projectRoot = "";
			targets = (
				4E34D7492448F7EF00FCCC1A /* SalahUtility */,
				4EFC173C2562C55A0050BB01 /* SalahUtilityExample */,
				4EFC17512562C55E0050BB01 /* SalahUtilityExampleTests */,
				4EFC175C2562C55E0050BB01 /* SalahUtilityExampleUITests */,
			);
		};
/* End PBXProject section */

/* Begin PBXResourcesBuildPhase section */
		4E34D7482448F7EF00FCCC1A /* Resources */ = {
			isa = PBXResourcesBuildPhase;
			buildActionMask = 2147483647;
			files = (
				4E9A3A8826999790009360F3 /* Localizable.strings in Resources */,
			);
			runOnlyForDeploymentPostprocessing = 0;
		};
		4EFC173B2562C55A0050BB01 /* Resources */ = {
			isa = PBXResourcesBuildPhase;
			buildActionMask = 2147483647;
			files = (
				4EFC174C2562C55E0050BB01 /* LaunchScreen.storyboard in Resources */,
				4EB6807F274A76CD00363E69 /* Secondary.storyboard in Resources */,
				4EFC17812562C6780050BB01 /* Localizable.strings in Resources */,
				4E459A362757B71E00EE0D85 /* TestImage.png in Resources */,
				4E7CB51827956AC0001DDD57 /* Cairo-Regular.ttf in Resources */,
				4E86DADD2756121500C471B5 /* MainStoryboard.storyboard in Resources */,
				4EFC17492562C55E0050BB01 /* Assets.xcassets in Resources */,
				4E4D4D1325BDD75C00E676FB /* Property List.plist in Resources */,
				4E04A1012754E264002FCDD0 /* NavigationMain.storyboard in Resources */,
				4E7CB516279566A6001DDD57 /* webView.css in Resources */,
			);
			runOnlyForDeploymentPostprocessing = 0;
		};
		4EFC17502562C55E0050BB01 /* Resources */ = {
			isa = PBXResourcesBuildPhase;
			buildActionMask = 2147483647;
			files = (
			);
			runOnlyForDeploymentPostprocessing = 0;
		};
		4EFC175B2562C55E0050BB01 /* Resources */ = {
			isa = PBXResourcesBuildPhase;
			buildActionMask = 2147483647;
			files = (
			);
			runOnlyForDeploymentPostprocessing = 0;
		};
/* End PBXResourcesBuildPhase section */

/* Begin PBXSourcesBuildPhase section */
		4E34D7462448F7EF00FCCC1A /* Sources */ = {
			isa = PBXSourcesBuildPhase;
			buildActionMask = 2147483647;
			files = (
				4E331C452460C25800E5562C /* BaseInheritance.swift in Sources */,
				4EE3F414273D1F8D006FED8C /* CutomAnimation.swift in Sources */,
				4ECDD0F926872BBD005AB6D9 /* IndexingStorageManager.swift in Sources */,
				4EEE962527268E6D00199B7F /* LanguageCollectionViewFlowLayout.swift in Sources */,
				4ED30C2325C023E100313983 /* Regex.swift in Sources */,
				4E9A3A90269997DF009360F3 /* SalahUtilityEx.swift in Sources */,
				4E42C94924BF0CAC0095ED53 /* UIDocumentPickerViewControllerEx.swift in Sources */,
				4E86DAE727563EAA00C471B5 /* Localize.swift in Sources */,
				4E1A3D28274ADED500963CC3 /* VerticallyCenteredTextView.swift in Sources */,
				4E73424D24F25F3500969E79 /* LocalAuth.swift in Sources */,
				4E04A0CC2754B08C002FCDD0 /* JSONAble.swift in Sources */,
				4E1EA39925F6B03D005D703E /* Debuger.swift in Sources */,
				4E331C432460C17700E5562C /* CounterModel.swift in Sources */,
				4E79BD1C2484EA80006FD36D /* InformationScreenManager.swift in Sources */,
				4E79BD1E2484EB74006FD36D /* NotificationBuilder.swift in Sources */,
				4EA31A512743B7C40065CD2F /* SheetViewController.swift in Sources */,
				4EBFFDFE261362A200D2CB9E /* ParkBenchTimer.swift in Sources */,
				4E27B5F62608F96100497E98 /* UIImagePickerControllerEx.swift in Sources */,
				4E34D7562448F81700FCCC1A /* BaseExtension.swift in Sources */,
			);
			runOnlyForDeploymentPostprocessing = 0;
		};
		4EFC17392562C55A0050BB01 /* Sources */ = {
			isa = PBXSourcesBuildPhase;
			buildActionMask = 2147483647;
			files = (
				4E7CB513279564C6001DDD57 /* WebViewViewController.swift in Sources */,
				4E30D27325732FB4005B63EA /* DateViewController.swift in Sources */,
				4EFC17442562C55A0050BB01 /* TestViewController.swift in Sources */,
				4E86DADC27560D9100C471B5 /* ObserverExampleViewController.swift in Sources */,
				4EA31A532743B80A0065CD2F /* SheetExampleViewController.swift in Sources */,
				4EDB527D2701CBCE009C00FF /* OperationQueueViewController.swift in Sources */,
				4E5B4C4525FF818500A58C70 /* GenericExampleViewController.swift in Sources */,
				4EC8D9CD26760CAD003D90D3 /* SecondTabBarController.swift in Sources */,
				4EA1C89925EB9F9000857267 /* ConstraintExampleViewController.swift in Sources */,
				4E73E6D725AE38F60027C69B /* LocaleViewController.swift in Sources */,
				4E76184A27CE97FC00B66DE3 /* DrawShapesViewController.swift in Sources */,
				4E6D71A826FC5CD800C9981D /* RetainCyclesExample.swift in Sources */,
				4E37DFE727B5230800BA814E /* URLExampleViewController.swift in Sources */,
				4EC8D9C026760C35003D90D3 /* TestTabBarController.swift in Sources */,
				4E04A0F82754E13C002FCDD0 /* FirstViewController.swift in Sources */,
				4E71C64D25CBD7E100D95243 /* NavigationHeightExampleViewController.swift in Sources */,
				4E20826E25C167E000F92E23 /* TestCollectionViewCell.swift in Sources */,
				4E80CF8B25C7E31A0077F0DC /* DaynamicScrollViewViewController.swift in Sources */,
				4E04A0F92754E13C002FCDD0 /* ThiredViewController.swift in Sources */,
				4EFC17922562C80A0050BB01 /* LocalNotificationViewController.swift in Sources */,
				4EC8D9C826760C65003D90D3 /* FirstTabBarController.swift in Sources */,
				4EA1C89725EB9F5B00857267 /* ShadowExampleViewController.swift in Sources */,
				4E7CFBF82604EDFE000DB1A9 /* NumbersViewController.swift in Sources */,
				4EA35B8825F647F100377C6D /* TableViewSectionExampleViewController.swift in Sources */,
				4EC9B21F26DCAC8B006CB4E5 /* AttributedStringExampleViewController.swift in Sources */,
				4ED30C1E25BFF3E900313983 /* RegularExpressionViewController.swift in Sources */,
				4E04A0FB2754E13C002FCDD0 /* ForthViewController.swift in Sources */,
				4EC27530268C89E60094C216 /* ScrollViewWithImageViewController.swift in Sources */,
				4EBAE67327BB9C26003265EA /* DrawViewController.swift in Sources */,
				4EFC17402562C55A0050BB01 /* AppDelegate.swift in Sources */,
				4E89F3C3272D22870024C7DB /* MaskImageViewController.swift in Sources */,
				4EFC17422562C55A0050BB01 /* SceneDelegate.swift in Sources */,
				4E04A0FA2754E13C002FCDD0 /* SecondViewController.swift in Sources */,
				4E459A332757AA1300EE0D85 /* Base64ImageViewController.swift in Sources */,
				4E77AB9D25F8E9B2006DF25F /* UIDatePickerExampleViewController.swift in Sources */,
				4E89F3C0272D16750024C7DB /* AnimationViewController.swift in Sources */,
				4E20826925C167C400F92E23 /* TestCollectionViewViewController.swift in Sources */,
				4ED03944265FCB3A00E173EA /* ImageSizeViewController.swift in Sources */,
			);
			runOnlyForDeploymentPostprocessing = 0;
		};
		4EFC174E2562C55E0050BB01 /* Sources */ = {
			isa = PBXSourcesBuildPhase;
			buildActionMask = 2147483647;
			files = (
				4EFC17572562C55E0050BB01 /* SalahUtilityExampleTests.swift in Sources */,
			);
			runOnlyForDeploymentPostprocessing = 0;
		};
		4EFC17592562C55E0050BB01 /* Sources */ = {
			isa = PBXSourcesBuildPhase;
			buildActionMask = 2147483647;
			files = (
				4EFC17622562C55E0050BB01 /* SalahUtilityExampleUITests.swift in Sources */,
			);
			runOnlyForDeploymentPostprocessing = 0;
		};
/* End PBXSourcesBuildPhase section */

/* Begin PBXTargetDependency section */
		4EFC17542562C55E0050BB01 /* PBXTargetDependency */ = {
			isa = PBXTargetDependency;
			target = 4EFC173C2562C55A0050BB01 /* SalahUtilityExample */;
			targetProxy = 4EFC17532562C55E0050BB01 /* PBXContainerItemProxy */;
		};
		4EFC175F2562C55E0050BB01 /* PBXTargetDependency */ = {
			isa = PBXTargetDependency;
			target = 4EFC173C2562C55A0050BB01 /* SalahUtilityExample */;
			targetProxy = 4EFC175E2562C55E0050BB01 /* PBXContainerItemProxy */;
		};
		4EFC179F2562CA150050BB01 /* PBXTargetDependency */ = {
			isa = PBXTargetDependency;
			target = 4E34D7492448F7EF00FCCC1A /* SalahUtility */;
			targetProxy = 4EFC179E2562CA150050BB01 /* PBXContainerItemProxy */;
		};
/* End PBXTargetDependency section */

/* Begin PBXVariantGroup section */
		4E9A3A8A26999790009360F3 /* Localizable.strings */ = {
			isa = PBXVariantGroup;
			children = (
				4E9A3A8926999790009360F3 /* en */,
				4E9A3A8E26999795009360F3 /* ar */,
			);
			name = Localizable.strings;
			sourceTree = "<group>";
		};
		4EFC17452562C55A0050BB01 /* MainStoryboard.storyboard */ = {
			isa = PBXVariantGroup;
			children = (
				4EFC17462562C55A0050BB01 /* Base */,
			);
			name = MainStoryboard.storyboard;
			sourceTree = "<group>";
		};
		4EFC174A2562C55E0050BB01 /* LaunchScreen.storyboard */ = {
			isa = PBXVariantGroup;
			children = (
				4EFC174B2562C55E0050BB01 /* Base */,
			);
			name = LaunchScreen.storyboard;
			sourceTree = "<group>";
		};
		4EFC17832562C6780050BB01 /* Localizable.strings */ = {
			isa = PBXVariantGroup;
			children = (
				4EFC17822562C6780050BB01 /* en */,
				4EFC17842562C67A0050BB01 /* ar */,
			);
			name = Localizable.strings;
			sourceTree = "<group>";
		};
/* End PBXVariantGroup section */

/* Begin XCBuildConfiguration section */
		4E34D7502448F7F000FCCC1A /* Debug */ = {
			isa = XCBuildConfiguration;
			buildSettings = {
				ALWAYS_SEARCH_USER_PATHS = NO;
				CLANG_ANALYZER_LOCALIZABILITY_NONLOCALIZED = YES;
				CLANG_ANALYZER_NONNULL = YES;
				CLANG_ANALYZER_NUMBER_OBJECT_CONVERSION = YES_AGGRESSIVE;
				CLANG_CXX_LANGUAGE_STANDARD = "gnu++14";
				CLANG_CXX_LIBRARY = "libc++";
				CLANG_ENABLE_MODULES = YES;
				CLANG_ENABLE_OBJC_ARC = YES;
				CLANG_ENABLE_OBJC_WEAK = YES;
				CLANG_WARN_BLOCK_CAPTURE_AUTORELEASING = YES;
				CLANG_WARN_BOOL_CONVERSION = YES;
				CLANG_WARN_COMMA = YES;
				CLANG_WARN_CONSTANT_CONVERSION = YES;
				CLANG_WARN_DEPRECATED_OBJC_IMPLEMENTATIONS = YES;
				CLANG_WARN_DIRECT_OBJC_ISA_USAGE = YES_ERROR;
				CLANG_WARN_DOCUMENTATION_COMMENTS = YES;
				CLANG_WARN_EMPTY_BODY = YES;
				CLANG_WARN_ENUM_CONVERSION = YES;
				CLANG_WARN_INFINITE_RECURSION = YES;
				CLANG_WARN_INT_CONVERSION = YES;
				CLANG_WARN_NON_LITERAL_NULL_CONVERSION = YES;
				CLANG_WARN_OBJC_IMPLICIT_RETAIN_SELF = YES;
				CLANG_WARN_OBJC_LITERAL_CONVERSION = YES;
				CLANG_WARN_OBJC_ROOT_CLASS = YES_ERROR;
				CLANG_WARN_RANGE_LOOP_ANALYSIS = YES;
				CLANG_WARN_STRICT_PROTOTYPES = YES;
				CLANG_WARN_SUSPICIOUS_MOVE = YES;
				CLANG_WARN_UNGUARDED_AVAILABILITY = YES_AGGRESSIVE;
				CLANG_WARN_UNREACHABLE_CODE = YES;
				CLANG_WARN__DUPLICATE_METHOD_MATCH = YES;
				COPY_PHASE_STRIP = NO;
				CURRENT_PROJECT_VERSION = 1;
				DEBUG_INFORMATION_FORMAT = dwarf;
				ENABLE_STRICT_OBJC_MSGSEND = YES;
				ENABLE_TESTABILITY = YES;
				GCC_C_LANGUAGE_STANDARD = gnu11;
				GCC_DYNAMIC_NO_PIC = NO;
				GCC_NO_COMMON_BLOCKS = YES;
				GCC_OPTIMIZATION_LEVEL = 0;
				GCC_PREPROCESSOR_DEFINITIONS = (
					"DEBUG=1",
					"$(inherited)",
				);
				GCC_WARN_64_TO_32_BIT_CONVERSION = YES;
				GCC_WARN_ABOUT_RETURN_TYPE = YES_ERROR;
				GCC_WARN_UNDECLARED_SELECTOR = YES;
				GCC_WARN_UNINITIALIZED_AUTOS = YES_AGGRESSIVE;
				GCC_WARN_UNUSED_FUNCTION = YES;
				GCC_WARN_UNUSED_VARIABLE = YES;
				IPHONEOS_DEPLOYMENT_TARGET = 12.0;
				MTL_ENABLE_DEBUG_INFO = INCLUDE_SOURCE;
				MTL_FAST_MATH = YES;
				ONLY_ACTIVE_ARCH = YES;
				SDKROOT = iphoneos;
				SWIFT_ACTIVE_COMPILATION_CONDITIONS = DEBUG;
				SWIFT_OPTIMIZATION_LEVEL = "-Onone";
				VERSIONING_SYSTEM = "apple-generic";
				VERSION_INFO_PREFIX = "";
			};
			name = Debug;
		};
		4E34D7512448F7F000FCCC1A /* Release */ = {
			isa = XCBuildConfiguration;
			buildSettings = {
				ALWAYS_SEARCH_USER_PATHS = NO;
				CLANG_ANALYZER_LOCALIZABILITY_NONLOCALIZED = YES;
				CLANG_ANALYZER_NONNULL = YES;
				CLANG_ANALYZER_NUMBER_OBJECT_CONVERSION = YES_AGGRESSIVE;
				CLANG_CXX_LANGUAGE_STANDARD = "gnu++14";
				CLANG_CXX_LIBRARY = "libc++";
				CLANG_ENABLE_MODULES = YES;
				CLANG_ENABLE_OBJC_ARC = YES;
				CLANG_ENABLE_OBJC_WEAK = YES;
				CLANG_WARN_BLOCK_CAPTURE_AUTORELEASING = YES;
				CLANG_WARN_BOOL_CONVERSION = YES;
				CLANG_WARN_COMMA = YES;
				CLANG_WARN_CONSTANT_CONVERSION = YES;
				CLANG_WARN_DEPRECATED_OBJC_IMPLEMENTATIONS = YES;
				CLANG_WARN_DIRECT_OBJC_ISA_USAGE = YES_ERROR;
				CLANG_WARN_DOCUMENTATION_COMMENTS = YES;
				CLANG_WARN_EMPTY_BODY = YES;
				CLANG_WARN_ENUM_CONVERSION = YES;
				CLANG_WARN_INFINITE_RECURSION = YES;
				CLANG_WARN_INT_CONVERSION = YES;
				CLANG_WARN_NON_LITERAL_NULL_CONVERSION = YES;
				CLANG_WARN_OBJC_IMPLICIT_RETAIN_SELF = YES;
				CLANG_WARN_OBJC_LITERAL_CONVERSION = YES;
				CLANG_WARN_OBJC_ROOT_CLASS = YES_ERROR;
				CLANG_WARN_RANGE_LOOP_ANALYSIS = YES;
				CLANG_WARN_STRICT_PROTOTYPES = YES;
				CLANG_WARN_SUSPICIOUS_MOVE = YES;
				CLANG_WARN_UNGUARDED_AVAILABILITY = YES_AGGRESSIVE;
				CLANG_WARN_UNREACHABLE_CODE = YES;
				CLANG_WARN__DUPLICATE_METHOD_MATCH = YES;
				COPY_PHASE_STRIP = NO;
				CURRENT_PROJECT_VERSION = 1;
				DEBUG_INFORMATION_FORMAT = "dwarf-with-dsym";
				ENABLE_NS_ASSERTIONS = NO;
				ENABLE_STRICT_OBJC_MSGSEND = YES;
				GCC_C_LANGUAGE_STANDARD = gnu11;
				GCC_NO_COMMON_BLOCKS = YES;
				GCC_WARN_64_TO_32_BIT_CONVERSION = YES;
				GCC_WARN_ABOUT_RETURN_TYPE = YES_ERROR;
				GCC_WARN_UNDECLARED_SELECTOR = YES;
				GCC_WARN_UNINITIALIZED_AUTOS = YES_AGGRESSIVE;
				GCC_WARN_UNUSED_FUNCTION = YES;
				GCC_WARN_UNUSED_VARIABLE = YES;
				IPHONEOS_DEPLOYMENT_TARGET = 12.0;
				MTL_ENABLE_DEBUG_INFO = NO;
				MTL_FAST_MATH = YES;
				SDKROOT = iphoneos;
				SWIFT_COMPILATION_MODE = wholemodule;
				SWIFT_OPTIMIZATION_LEVEL = "-O";
				VALIDATE_PRODUCT = YES;
				VERSIONING_SYSTEM = "apple-generic";
				VERSION_INFO_PREFIX = "";
			};
			name = Release;
		};
		4E34D7532448F7F000FCCC1A /* Debug */ = {
			isa = XCBuildConfiguration;
			buildSettings = {
				APPLICATION_EXTENSION_API_ONLY = NO;
				CLANG_ENABLE_MODULES = YES;
				CODE_SIGN_STYLE = Automatic;
				DEFINES_MODULE = YES;
				DEVELOPMENT_TEAM = 8C7RSZ7C3V;
				DYLIB_COMPATIBILITY_VERSION = 1;
				DYLIB_CURRENT_VERSION = 1;
				DYLIB_INSTALL_NAME_BASE = "@rpath";
				INFOPLIST_FILE = SalahUtility/Resources/Info.plist;
				INSTALL_PATH = "$(LOCAL_LIBRARY_DIR)/Frameworks";
				LD_RUNPATH_SEARCH_PATHS = (
					"$(inherited)",
					"@executable_path/Frameworks",
					"@loader_path/Frameworks",
				);
				PRODUCT_BUNDLE_IDENTIFIER = com.salahmohamed.SalahUtility;
				PRODUCT_NAME = "$(TARGET_NAME:c99extidentifier)";
				SKIP_INSTALL = YES;
				SWIFT_OPTIMIZATION_LEVEL = "-Onone";
				SWIFT_VERSION = 5.0;
				TARGETED_DEVICE_FAMILY = "1,2";
			};
			name = Debug;
		};
		4E34D7542448F7F000FCCC1A /* Release */ = {
			isa = XCBuildConfiguration;
			buildSettings = {
				APPLICATION_EXTENSION_API_ONLY = NO;
				CLANG_ENABLE_MODULES = YES;
				CODE_SIGN_STYLE = Automatic;
				DEFINES_MODULE = YES;
				DEVELOPMENT_TEAM = 8C7RSZ7C3V;
				DYLIB_COMPATIBILITY_VERSION = 1;
				DYLIB_CURRENT_VERSION = 1;
				DYLIB_INSTALL_NAME_BASE = "@rpath";
				INFOPLIST_FILE = SalahUtility/Resources/Info.plist;
				INSTALL_PATH = "$(LOCAL_LIBRARY_DIR)/Frameworks";
				LD_RUNPATH_SEARCH_PATHS = (
					"$(inherited)",
					"@executable_path/Frameworks",
					"@loader_path/Frameworks",
				);
				PRODUCT_BUNDLE_IDENTIFIER = com.salahmohamed.SalahUtility;
				PRODUCT_NAME = "$(TARGET_NAME:c99extidentifier)";
				SKIP_INSTALL = YES;
				SWIFT_VERSION = 5.0;
				TARGETED_DEVICE_FAMILY = "1,2";
			};
			name = Release;
		};
		4EFC17642562C55E0050BB01 /* Debug */ = {
			isa = XCBuildConfiguration;
			buildSettings = {
				ASSETCATALOG_COMPILER_APPICON_NAME = AppIcon;
				ASSETCATALOG_COMPILER_GLOBAL_ACCENT_COLOR_NAME = AccentColor;
				CLANG_WARN_QUOTED_INCLUDE_IN_FRAMEWORK_HEADER = YES;
				CODE_SIGN_STYLE = Automatic;
				DEVELOPMENT_TEAM = 8C7RSZ7C3V;
				INFOPLIST_FILE = SalahUtilityExample/SupportFiles/Info.plist;
				IPHONEOS_DEPLOYMENT_TARGET = 13.0;
				LD_RUNPATH_SEARCH_PATHS = (
					"$(inherited)",
					"@executable_path/Frameworks",
				);
				PRODUCT_BUNDLE_IDENTIFIER = com.salahmohamed.SalahUtilityExample;
				PRODUCT_NAME = "$(TARGET_NAME)";
				SWIFT_VERSION = 5.0;
				TARGETED_DEVICE_FAMILY = "1,2";
			};
			name = Debug;
		};
		4EFC17652562C55E0050BB01 /* Release */ = {
			isa = XCBuildConfiguration;
			buildSettings = {
				ASSETCATALOG_COMPILER_APPICON_NAME = AppIcon;
				ASSETCATALOG_COMPILER_GLOBAL_ACCENT_COLOR_NAME = AccentColor;
				CLANG_WARN_QUOTED_INCLUDE_IN_FRAMEWORK_HEADER = YES;
				CODE_SIGN_STYLE = Automatic;
				DEVELOPMENT_TEAM = 8C7RSZ7C3V;
				INFOPLIST_FILE = SalahUtilityExample/SupportFiles/Info.plist;
				IPHONEOS_DEPLOYMENT_TARGET = 13.0;
				LD_RUNPATH_SEARCH_PATHS = (
					"$(inherited)",
					"@executable_path/Frameworks",
				);
				PRODUCT_BUNDLE_IDENTIFIER = com.salahmohamed.SalahUtilityExample;
				PRODUCT_NAME = "$(TARGET_NAME)";
				SWIFT_VERSION = 5.0;
				TARGETED_DEVICE_FAMILY = "1,2";
			};
			name = Release;
		};
		4EFC17662562C55E0050BB01 /* Debug */ = {
			isa = XCBuildConfiguration;
			buildSettings = {
				ALWAYS_EMBED_SWIFT_STANDARD_LIBRARIES = YES;
				BUNDLE_LOADER = "$(TEST_HOST)";
				CLANG_WARN_QUOTED_INCLUDE_IN_FRAMEWORK_HEADER = YES;
				CODE_SIGN_STYLE = Automatic;
				DEVELOPMENT_TEAM = 8C7RSZ7C3V;
				INFOPLIST_FILE = SalahUtilityExampleTests/Info.plist;
				IPHONEOS_DEPLOYMENT_TARGET = 14.2;
				LD_RUNPATH_SEARCH_PATHS = (
					"$(inherited)",
					"@executable_path/Frameworks",
					"@loader_path/Frameworks",
				);
				PRODUCT_BUNDLE_IDENTIFIER = com.salahmohamed.SalahUtilityExampleTests;
				PRODUCT_NAME = "$(TARGET_NAME)";
				SWIFT_VERSION = 5.0;
				TARGETED_DEVICE_FAMILY = "1,2";
				TEST_HOST = "$(BUILT_PRODUCTS_DIR)/SalahUtilityExample.app/SalahUtilityExample";
			};
			name = Debug;
		};
		4EFC17672562C55E0050BB01 /* Release */ = {
			isa = XCBuildConfiguration;
			buildSettings = {
				ALWAYS_EMBED_SWIFT_STANDARD_LIBRARIES = YES;
				BUNDLE_LOADER = "$(TEST_HOST)";
				CLANG_WARN_QUOTED_INCLUDE_IN_FRAMEWORK_HEADER = YES;
				CODE_SIGN_STYLE = Automatic;
				DEVELOPMENT_TEAM = 8C7RSZ7C3V;
				INFOPLIST_FILE = SalahUtilityExampleTests/Info.plist;
				IPHONEOS_DEPLOYMENT_TARGET = 14.2;
				LD_RUNPATH_SEARCH_PATHS = (
					"$(inherited)",
					"@executable_path/Frameworks",
					"@loader_path/Frameworks",
				);
				PRODUCT_BUNDLE_IDENTIFIER = com.salahmohamed.SalahUtilityExampleTests;
				PRODUCT_NAME = "$(TARGET_NAME)";
				SWIFT_VERSION = 5.0;
				TARGETED_DEVICE_FAMILY = "1,2";
				TEST_HOST = "$(BUILT_PRODUCTS_DIR)/SalahUtilityExample.app/SalahUtilityExample";
			};
			name = Release;
		};
		4EFC17682562C55E0050BB01 /* Debug */ = {
			isa = XCBuildConfiguration;
			buildSettings = {
				ALWAYS_EMBED_SWIFT_STANDARD_LIBRARIES = YES;
				CLANG_WARN_QUOTED_INCLUDE_IN_FRAMEWORK_HEADER = YES;
				CODE_SIGN_STYLE = Automatic;
				DEVELOPMENT_TEAM = 8C7RSZ7C3V;
				INFOPLIST_FILE = SalahUtilityExampleUITests/Info.plist;
				IPHONEOS_DEPLOYMENT_TARGET = 14.2;
				LD_RUNPATH_SEARCH_PATHS = (
					"$(inherited)",
					"@executable_path/Frameworks",
					"@loader_path/Frameworks",
				);
				PRODUCT_BUNDLE_IDENTIFIER = com.salahmohamed.SalahUtilityExampleUITests;
				PRODUCT_NAME = "$(TARGET_NAME)";
				SWIFT_VERSION = 5.0;
				TARGETED_DEVICE_FAMILY = "1,2";
				TEST_TARGET_NAME = SalahUtilityExample;
			};
			name = Debug;
		};
		4EFC17692562C55E0050BB01 /* Release */ = {
			isa = XCBuildConfiguration;
			buildSettings = {
				ALWAYS_EMBED_SWIFT_STANDARD_LIBRARIES = YES;
				CLANG_WARN_QUOTED_INCLUDE_IN_FRAMEWORK_HEADER = YES;
				CODE_SIGN_STYLE = Automatic;
				DEVELOPMENT_TEAM = 8C7RSZ7C3V;
				INFOPLIST_FILE = SalahUtilityExampleUITests/Info.plist;
				IPHONEOS_DEPLOYMENT_TARGET = 14.2;
				LD_RUNPATH_SEARCH_PATHS = (
					"$(inherited)",
					"@executable_path/Frameworks",
					"@loader_path/Frameworks",
				);
				PRODUCT_BUNDLE_IDENTIFIER = com.salahmohamed.SalahUtilityExampleUITests;
				PRODUCT_NAME = "$(TARGET_NAME)";
				SWIFT_VERSION = 5.0;
				TARGETED_DEVICE_FAMILY = "1,2";
				TEST_TARGET_NAME = SalahUtilityExample;
			};
			name = Release;
		};
/* End XCBuildConfiguration section */

/* Begin XCConfigurationList section */
		4E34D7442448F7EF00FCCC1A /* Build configuration list for PBXProject "SalahUtility" */ = {
			isa = XCConfigurationList;
			buildConfigurations = (
				4E34D7502448F7F000FCCC1A /* Debug */,
				4E34D7512448F7F000FCCC1A /* Release */,
			);
			defaultConfigurationIsVisible = 0;
			defaultConfigurationName = Release;
		};
		4E34D7522448F7F000FCCC1A /* Build configuration list for PBXNativeTarget "SalahUtility" */ = {
			isa = XCConfigurationList;
			buildConfigurations = (
				4E34D7532448F7F000FCCC1A /* Debug */,
				4E34D7542448F7F000FCCC1A /* Release */,
			);
			defaultConfigurationIsVisible = 0;
			defaultConfigurationName = Release;
		};
		4EFC176A2562C55E0050BB01 /* Build configuration list for PBXNativeTarget "SalahUtilityExample" */ = {
			isa = XCConfigurationList;
			buildConfigurations = (
				4EFC17642562C55E0050BB01 /* Debug */,
				4EFC17652562C55E0050BB01 /* Release */,
			);
			defaultConfigurationIsVisible = 0;
			defaultConfigurationName = Release;
		};
		4EFC176B2562C55E0050BB01 /* Build configuration list for PBXNativeTarget "SalahUtilityExampleTests" */ = {
			isa = XCConfigurationList;
			buildConfigurations = (
				4EFC17662562C55E0050BB01 /* Debug */,
				4EFC17672562C55E0050BB01 /* Release */,
			);
			defaultConfigurationIsVisible = 0;
			defaultConfigurationName = Release;
		};
		4EFC176C2562C55E0050BB01 /* Build configuration list for PBXNativeTarget "SalahUtilityExampleUITests" */ = {
			isa = XCConfigurationList;
			buildConfigurations = (
				4EFC17682562C55E0050BB01 /* Debug */,
				4EFC17692562C55E0050BB01 /* Release */,
			);
			defaultConfigurationIsVisible = 0;
			defaultConfigurationName = Release;
		};
/* End XCConfigurationList section */
	};
	rootObject = 4E34D7412448F7EF00FCCC1A /* Project object */;
}
